
Microsoft Visual Studio Solution File, Format Version 12.00
# Visual Studio Version 17
VisualStudioVersion = 17.3.32819.101
MinimumVisualStudioVersion = 10.0.40219.1
Project("{FAE04EC0-301F-11D3-BF4B-00C04F79EFBC}") = "DigitalStore", "DigitalStore\DigitalStore.csproj", "{11E5C3D1-C9C6-40C3-B13D-749ADAB66D0F}"
EndProject
Global
	GlobalSection(SolutionConfigurationPlatforms) = preSolution
		Debug|Any CPU = Debug|Any CPU
		Release|Any CPU = Release|Any CPU
	EndGlobalSection
	GlobalSection(ProjectConfigurationPlatforms) = postSolution
		{11E5C3D1-C9C6-40C3-B13D-749ADAB66D0F}.Debug|Any CPU.ActiveCfg = Debug|Any CPU
		{11E5C3D1-C9C6-40C3-B13D-749ADAB66D0F}.Debug|Any CPU.Build.0 = Debug|Any CPU
		{11E5C3D1-C9C6-40C3-B13D-749ADAB66D0F}.Release|Any CPU.ActiveCfg = Release|Any CPU
		{11E5C3D1-C9C6-40C3-B13D-749ADAB66D0F}.Release|Any CPU.Build.0 = Release|Any CPU
	EndGlobalSection
	GlobalSection(SolutionProperties) = preSolution
		HideSolutionNode = FALSE
	EndGlobalSection
	GlobalSection(ExtensibilityGlobals) = postSolution
		SolutionGuid = {BE4F34A8-8E5E-4059-8A62-57EDAB68856B}
	EndGlobalSection
EndGlobal
